
Microsoft Visual Studio Solution File, Format Version 12.00
# Visual Studio Version 17
VisualStudioVersion = 17.0.31903.59
MinimumVisualStudioVersion = 10.0.40219.1
Project("{2150E333-8FDC-42A3-9474-1A3956D46DE8}") = "src", "src", "{9D8532FE-EBF1-418E-B591-FF664AE1A1EF}"
EndProject
Project("{FAE04EC0-301F-11D3-BF4B-00C04F79EFBC}") = "AuctionService", "src\AuctionService\AuctionService.csproj", "{A953D2B1-20CB-4FD1-A0C3-A6368606BD1C}"
EndProject
Project("{FAE04EC0-301F-11D3-BF4B-00C04F79EFBC}") = "SearchService", "src\SearchService\SearchService.csproj", "{5AD10291-772C-4D99-9262-76C38F4B89BC}"
EndProject
Project("{FAE04EC0-301F-11D3-BF4B-00C04F79EFBC}") = "Contracts", "src\Contracts\Contracts.csproj", "{E6910282-2D6E-4005-9AFD-241A78484A54}"
EndProject
Project("{FAE04EC0-301F-11D3-BF4B-00C04F79EFBC}") = "IdentityServer", "src\IdentityServer\IdentityServer.csproj", "{732D8B0D-42D7-4A36-B38D-4190DBE972C9}"
EndProject
Project("{FAE04EC0-301F-11D3-BF4B-00C04F79EFBC}") = "GatewayService", "src\GatewayService\GatewayService.csproj", "{3C7F2820-4CF3-4C23-93D3-10FB3BC86C58}"
EndProject
Project("{FAE04EC0-301F-11D3-BF4B-00C04F79EFBC}") = "BiddingService", "src\BiddingService\BiddingService.csproj", "{9C6F4AE6-D0B0-487B-BA5C-768745923950}"
EndProject
Project("{FAE04EC0-301F-11D3-BF4B-00C04F79EFBC}") = "NotificationService", "src\NotificationService\NotificationService.csproj", "{F316DC1A-CFA8-4502-AA71-B6B4CB108D9F}"
EndProject
Global
	GlobalSection(SolutionConfigurationPlatforms) = preSolution
		Debug|Any CPU = Debug|Any CPU
		Release|Any CPU = Release|Any CPU
	EndGlobalSection
	GlobalSection(SolutionProperties) = preSolution
		HideSolutionNode = FALSE
	EndGlobalSection
	GlobalSection(ProjectConfigurationPlatforms) = postSolution
		{A953D2B1-20CB-4FD1-A0C3-A6368606BD1C}.Debug|Any CPU.ActiveCfg = Debug|Any CPU
		{A953D2B1-20CB-4FD1-A0C3-A6368606BD1C}.Debug|Any CPU.Build.0 = Debug|Any CPU
		{A953D2B1-20CB-4FD1-A0C3-A6368606BD1C}.Release|Any CPU.ActiveCfg = Release|Any CPU
		{A953D2B1-20CB-4FD1-A0C3-A6368606BD1C}.Release|Any CPU.Build.0 = Release|Any CPU
		{5AD10291-772C-4D99-9262-76C38F4B89BC}.Debug|Any CPU.ActiveCfg = Debug|Any CPU
		{5AD10291-772C-4D99-9262-76C38F4B89BC}.Debug|Any CPU.Build.0 = Debug|Any CPU
		{5AD10291-772C-4D99-9262-76C38F4B89BC}.Release|Any CPU.ActiveCfg = Release|Any CPU
		{5AD10291-772C-4D99-9262-76C38F4B89BC}.Release|Any CPU.Build.0 = Release|Any CPU
		{E6910282-2D6E-4005-9AFD-241A78484A54}.Debug|Any CPU.ActiveCfg = Debug|Any CPU
		{E6910282-2D6E-4005-9AFD-241A78484A54}.Debug|Any CPU.Build.0 = Debug|Any CPU
		{E6910282-2D6E-4005-9AFD-241A78484A54}.Release|Any CPU.ActiveCfg = Release|Any CPU
		{E6910282-2D6E-4005-9AFD-241A78484A54}.Release|Any CPU.Build.0 = Release|Any CPU
		{732D8B0D-42D7-4A36-B38D-4190DBE972C9}.Debug|Any CPU.ActiveCfg = Debug|Any CPU
		{732D8B0D-42D7-4A36-B38D-4190DBE972C9}.Debug|Any CPU.Build.0 = Debug|Any CPU
		{732D8B0D-42D7-4A36-B38D-4190DBE972C9}.Release|Any CPU.ActiveCfg = Release|Any CPU
		{732D8B0D-42D7-4A36-B38D-4190DBE972C9}.Release|Any CPU.Build.0 = Release|Any CPU
		{3C7F2820-4CF3-4C23-93D3-10FB3BC86C58}.Debug|Any CPU.ActiveCfg = Debug|Any CPU
		{3C7F2820-4CF3-4C23-93D3-10FB3BC86C58}.Debug|Any CPU.Build.0 = Debug|Any CPU
		{3C7F2820-4CF3-4C23-93D3-10FB3BC86C58}.Release|Any CPU.ActiveCfg = Release|Any CPU
		{3C7F2820-4CF3-4C23-93D3-10FB3BC86C58}.Release|Any CPU.Build.0 = Release|Any CPU
		{9C6F4AE6-D0B0-487B-BA5C-768745923950}.Debug|Any CPU.ActiveCfg = Debug|Any CPU
		{9C6F4AE6-D0B0-487B-BA5C-768745923950}.Debug|Any CPU.Build.0 = Debug|Any CPU
		{9C6F4AE6-D0B0-487B-BA5C-768745923950}.Release|Any CPU.ActiveCfg = Release|Any CPU
		{9C6F4AE6-D0B0-487B-BA5C-768745923950}.Release|Any CPU.Build.0 = Release|Any CPU
		{F316DC1A-CFA8-4502-AA71-B6B4CB108D9F}.Debug|Any CPU.ActiveCfg = Debug|Any CPU
		{F316DC1A-CFA8-4502-AA71-B6B4CB108D9F}.Debug|Any CPU.Build.0 = Debug|Any CPU
		{F316DC1A-CFA8-4502-AA71-B6B4CB108D9F}.Release|Any CPU.ActiveCfg = Release|Any CPU
		{F316DC1A-CFA8-4502-AA71-B6B4CB108D9F}.Release|Any CPU.Build.0 = Release|Any CPU
	EndGlobalSection
	GlobalSection(NestedProjects) = preSolution
		{A953D2B1-20CB-4FD1-A0C3-A6368606BD1C} = {9D8532FE-EBF1-418E-B591-FF664AE1A1EF}
		{5AD10291-772C-4D99-9262-76C38F4B89BC} = {9D8532FE-EBF1-418E-B591-FF664AE1A1EF}
		{E6910282-2D6E-4005-9AFD-241A78484A54} = {9D8532FE-EBF1-418E-B591-FF664AE1A1EF}
		{732D8B0D-42D7-4A36-B38D-4190DBE972C9} = {9D8532FE-EBF1-418E-B591-FF664AE1A1EF}
		{3C7F2820-4CF3-4C23-93D3-10FB3BC86C58} = {9D8532FE-EBF1-418E-B591-FF664AE1A1EF}
		{9C6F4AE6-D0B0-487B-BA5C-768745923950} = {9D8532FE-EBF1-418E-B591-FF664AE1A1EF}
		{F316DC1A-CFA8-4502-AA71-B6B4CB108D9F} = {9D8532FE-EBF1-418E-B591-FF664AE1A1EF}
	EndGlobalSection
EndGlobal
